
Microsoft Visual Studio Solution File, Format Version 12.00
# Visual Studio Version 16
VisualStudioVersion = 16.0.32407.337
MinimumVisualStudioVersion = 10.0.40219.1
Project("{FAE04EC0-301F-11D3-BF4B-00C04F79EFBC}") = "Akasztofa", "Akasztofa.csproj", "{9554B4BB-6D21-4DFF-8E12-A12DFB494469}"
EndProject
Global
	GlobalSection(SolutionConfigurationPlatforms) = preSolution
		Debug|Any CPU = Debug|Any CPU
		Release|Any CPU = Release|Any CPU
	EndGlobalSection
	GlobalSection(ProjectConfigurationPlatforms) = postSolution
		{9554B4BB-6D21-4DFF-8E12-A12DFB494469}.Debug|Any CPU.ActiveCfg = Debug|Any CPU
		{9554B4BB-6D21-4DFF-8E12-A12DFB494469}.Debug|Any CPU.Build.0 = Debug|Any CPU
		{9554B4BB-6D21-4DFF-8E12-A12DFB494469}.Release|Any CPU.ActiveCfg = Release|Any CPU
		{9554B4BB-6D21-4DFF-8E12-A12DFB494469}.Release|Any CPU.Build.0 = Release|Any CPU
	EndGlobalSection
	GlobalSection(SolutionProperties) = preSolution
		HideSolutionNode = FALSE
	EndGlobalSection
	GlobalSection(ExtensibilityGlobals) = postSolution
		SolutionGuid = {765E599F-9228-45F0-A963-7C1AD19B6291}
	EndGlobalSection
EndGlobal
